{
  "nodes": {
    "nixpkgs": {
      "locked": {
        "lastModified": 1710734606,
        "narHash": "sha256-rFJl+WXfksu2NkWJWKGd5Km17ZGEjFg9hOQNwstsoU8=",
        "owner": "NixOS",
        "repo": "nixpkgs",
        "rev": "79bb4155141a5e68f2bdee2bf6af35b1d27d3a1d",
        "type": "github"
      },
      "original": {
        "owner": "NixOS",
        "ref": "nixpkgs-unstable",
        "repo": "nixpkgs",
        "type": "github"
      }
    },
    "root": {
      "inputs": {
        "nixpkgs": "nixpkgs"
      }
    }
  },
  "root": "root",
  "version": 7
}
